// !$*UTF8*$!
{
	archiveVersion = 1;
	classes = {
	};
	objectVersion = 46;
	objects = {

/* Begin PBXBuildFile section */
		E83146C61892C80E004E9A34 /* main.cpp in Sources */ = {isa = PBXBuildFile; fileRef = E83146C51892C80E004E9A34 /* main.cpp */; };
		E83146C81892C80E004E9A34 /* image2video.1 in CopyFiles */ = {isa = PBXBuildFile; fileRef = E83146C71892C80E004E9A34 /* image2video.1 */; };
/* End PBXBuildFile section */

/* Begin PBXCopyFilesBuildPhase section */
		E83146C01892C80E004E9A34 /* CopyFiles */ = {
			isa = PBXCopyFilesBuildPhase;
			buildActionMask = 2147483647;
			dstPath = /usr/share/man/man1/;
			dstSubfolderSpec = 0;
			files = (
				E83146C81892C80E004E9A34 /* image2video.1 in CopyFiles */,
			);
			runOnlyForDeploymentPostprocessing = 1;
		};
/* End PBXCopyFilesBuildPhase section */

/* Begin PBXFileReference section */
		E83146C21892C80E004E9A34 /* image2video */ = {isa = PBXFileReference; explicitFileType = "compiled.mach-o.executable"; includeInIndex = 0; path = image2video; sourceTree = BUILT_PRODUCTS_DIR; };
		E83146C51892C80E004E9A34 /* main.cpp */ = {isa = PBXFileReference; lastKnownFileType = sourcecode.cpp.cpp; path = main.cpp; sourceTree = "<group>"; };
		E83146C71892C80E004E9A34 /* image2video.1 */ = {isa = PBXFileReference; lastKnownFileType = text.man; path = image2video.1; sourceTree = "<group>"; };
/* End PBXFileReference section */

/* Begin PBXFrameworksBuildPhase section */
		E83146BF1892C80E004E9A34 /* Frameworks */ = {
			isa = PBXFrameworksBuildPhase;
			buildActionMask = 2147483647;
			files = (
			);
			runOnlyForDeploymentPostprocessing = 0;
		};
/* End PBXFrameworksBuildPhase section */

/* Begin PBXGroup section */
		E83146B91892C80E004E9A34 = {
			isa = PBXGroup;
			children = (
				E83146C41892C80E004E9A34 /* image2video */,
				E83146C31892C80E004E9A34 /* Products */,
			);
			sourceTree = "<group>";
		};
		E83146C31892C80E004E9A34 /* Products */ = {
			isa = PBXGroup;
			children = (
				E83146C21892C80E004E9A34 /* image2video */,
			);
			name = Products;
			sourceTree = "<group>";
		};
		E83146C41892C80E004E9A34 /* image2video */ = {
			isa = PBXGroup;
			children = (
				E83146C51892C80E004E9A34 /* main.cpp */,
				E83146C71892C80E004E9A34 /* image2video.1 */,
			);
			path = image2video;
			sourceTree = "<group>";
		};
/* End PBXGroup section */

/* Begin PBXNativeTarget section */
		E83146C11892C80E004E9A34 /* image2video */ = {
			isa = PBXNativeTarget;
			buildConfigurationList = E83146CB1892C80E004E9A34 /* Build configuration list for PBXNativeTarget "image2video" */;
			buildPhases = (
				E83146BE1892C80E004E9A34 /* Sources */,
				E83146BF1892C80E004E9A34 /* Frameworks */,
				E83146C01892C80E004E9A34 /* CopyFiles */,
			);
			buildRules = (
			);
			dependencies = (
			);
			name = image2video;
			productName = image2video;
			productReference = E83146C21892C80E004E9A34 /* image2video */;
			productType = "com.apple.product-type.tool";
		};
/* End PBXNativeTarget section */

/* Begin PBXProject section */
		E83146BA1892C80E004E9A34 /* Project object */ = {
			isa = PBXProject;
			attributes = {
				LastUpgradeCheck = 0500;
				ORGANIZATIONNAME = "Zhiyuan Wang";
			};
			buildConfigurationList = E83146BD1892C80E004E9A34 /* Build configuration list for PBXProject "image2video" */;
			compatibilityVersion = "Xcode 3.2";
			developmentRegion = English;
			hasScannedForEncodings = 0;
			knownRegions = (
				en,
			);
			mainGroup = E83146B91892C80E004E9A34;
			productRefGroup = E83146C31892C80E004E9A34 /* Products */;
			projectDirPath = "";
			projectRoot = "";
			targets = (
				E83146C11892C80E004E9A34 /* image2video */,
			);
		};
/* End PBXProject section */

/* Begin PBXSourcesBuildPhase section */
		E83146BE1892C80E004E9A34 /* Sources */ = {
			isa = PBXSourcesBuildPhase;
			buildActionMask = 2147483647;
			files = (
				E83146C61892C80E004E9A34 /* main.cpp in Sources */,
			);
			runOnlyForDeploymentPostprocessing = 0;
		};
/* End PBXSourcesBuildPhase section */

/* Begin XCBuildConfiguration section */
		E83146C91892C80E004E9A34 /* Debug */ = {
			isa = XCBuildConfiguration;
			buildSettings = {
				ALWAYS_SEARCH_USER_PATHS = NO;
				CLANG_CXX_LANGUAGE_STANDARD = "gnu++0x";
				CLANG_CXX_LIBRARY = "libc++";
				CLANG_ENABLE_OBJC_ARC = YES;
				CLANG_WARN_BOOL_CONVERSION = YES;
				CLANG_WARN_CONSTANT_CONVERSION = YES;
				CLANG_WARN_DIRECT_OBJC_ISA_USAGE = YES_ERROR;
				CLANG_WARN_EMPTY_BODY = YES;
				CLANG_WARN_ENUM_CONVERSION = YES;
				CLANG_WARN_INT_CONVERSION = YES;
				CLANG_WARN_OBJC_ROOT_CLASS = YES_ERROR;
				CLANG_WARN__DUPLICATE_METHOD_MATCH = YES;
				COPY_PHASE_STRIP = NO;
				GCC_C_LANGUAGE_STANDARD = gnu99;
				GCC_DYNAMIC_NO_PIC = NO;
				GCC_ENABLE_OBJC_EXCEPTIONS = YES;
				GCC_OPTIMIZATION_LEVEL = 0;
				GCC_PREPROCESSOR_DEFINITIONS = (
					"DEBUG=1",
					"$(inherited)",
				);
				GCC_SYMBOLS_PRIVATE_EXTERN = NO;
				GCC_WARN_64_TO_32_BIT_CONVERSION = YES;
				GCC_WARN_ABOUT_RETURN_TYPE = YES_ERROR;
				GCC_WARN_UNDECLARED_SELECTOR = YES;
				GCC_WARN_UNINITIALIZED_AUTOS = YES;
				GCC_WARN_UNUSED_FUNCTION = YES;
				GCC_WARN_UNUSED_VARIABLE = YES;
				MACOSX_DEPLOYMENT_TARGET = 10.9;
				ONLY_ACTIVE_ARCH = YES;
				SDKROOT = macosx;
			};
			name = Debug;
		};
		E83146CA1892C80E004E9A34 /* Release */ = {
			isa = XCBuildConfiguration;
			buildSettings = {
				ALWAYS_SEARCH_USER_PATHS = NO;
				CLANG_CXX_LANGUAGE_STANDARD = "gnu++0x";
				CLANG_CXX_LIBRARY = "libc++";
				CLANG_ENABLE_OBJC_ARC = YES;
				CLANG_WARN_BOOL_CONVERSION = YES;
				CLANG_WARN_CONSTANT_CONVERSION = YES;
				CLANG_WARN_DIRECT_OBJC_ISA_USAGE = YES_ERROR;
				CLANG_WARN_EMPTY_BODY = YES;
				CLANG_WARN_ENUM_CONVERSION = YES;
				CLANG_WARN_INT_CONVERSION = YES;
				CLANG_WARN_OBJC_ROOT_CLASS = YES_ERROR;
				CLANG_WARN__DUPLICATE_METHOD_MATCH = YES;
				COPY_PHASE_STRIP = YES;
				DEBUG_INFORMATION_FORMAT = "dwarf-with-dsym";
				ENABLE_NS_ASSERTIONS = NO;
				GCC_C_LANGUAGE_STANDARD = gnu99;
				GCC_ENABLE_OBJC_EXCEPTIONS = YES;
				GCC_WARN_64_TO_32_BIT_CONVERSION = YES;
				GCC_WARN_ABOUT_RETURN_TYPE = YES_ERROR;
				GCC_WARN_UNDECLARED_SELECTOR = YES;
				GCC_WARN_UNINITIALIZED_AUTOS = YES;
				GCC_WARN_UNUSED_FUNCTION = YES;
				GCC_WARN_UNUSED_VARIABLE = YES;
				MACOSX_DEPLOYMENT_TARGET = 10.9;
				SDKROOT = macosx;
			};
			name = Release;
		};
		E83146CC1892C80E004E9A34 /* Debug */ = {
			isa = XCBuildConfiguration;
			buildSettings = {
				PRODUCT_NAME = "$(TARGET_NAME)";
			};
			name = Debug;
		};
		E83146CD1892C80E004E9A34 /* Release */ = {
			isa = XCBuildConfiguration;
			buildSettings = {
				PRODUCT_NAME = "$(TARGET_NAME)";
			};
			name = Release;
		};
/* End XCBuildConfiguration section */

/* Begin XCConfigurationList section */
		E83146BD1892C80E004E9A34 /* Build configuration list for PBXProject "image2video" */ = {
			isa = XCConfigurationList;
			buildConfigurations = (
				E83146C91892C80E004E9A34 /* Debug */,
				E83146CA1892C80E004E9A34 /* Release */,
			);
			defaultConfigurationIsVisible = 0;
			defaultConfigurationName = Release;
		};
		E83146CB1892C80E004E9A34 /* Build configuration list for PBXNativeTarget "image2video" */ = {
			isa = XCConfigurationList;
			buildConfigurations = (
				E83146CC1892C80E004E9A34 /* Debug */,
				E83146CD1892C80E004E9A34 /* Release */,
			);
			defaultConfigurationIsVisible = 0;
		};
/* End XCConfigurationList section */
	};
	rootObject = E83146BA1892C80E004E9A34 /* Project object */;
}
